
Microsoft Visual Studio Solution File, Format Version 12.00
# Visual Studio Version 17
VisualStudioVersion = 17.7.34018.315
MinimumVisualStudioVersion = 10.0.40219.1
Project("{8BC9CEB8-8B4A-11D0-8D11-00A0C91BC942}") = "Bresenham-VS-Xiaolin-Antialiasing", "Bresenham-VS-Xiaolin-Antialiasing\Bresenham-VS-Xiaolin-Antialiasing.vcxproj", "{FC24DA2E-A4E7-4E6A-A2A2-338D134FDC29}"
EndProject
Global
	GlobalSection(SolutionConfigurationPlatforms) = preSolution
		Debug|x64 = Debug|x64
		Debug|x86 = Debug|x86
		Release|x64 = Release|x64
		Release|x86 = Release|x86
	EndGlobalSection
	GlobalSection(ProjectConfigurationPlatforms) = postSolution
		{FC24DA2E-A4E7-4E6A-A2A2-338D134FDC29}.Debug|x64.ActiveCfg = Debug|x64
		{FC24DA2E-A4E7-4E6A-A2A2-338D134FDC29}.Debug|x64.Build.0 = Debug|x64
		{FC24DA2E-A4E7-4E6A-A2A2-338D134FDC29}.Debug|x86.ActiveCfg = Debug|Win32
		{FC24DA2E-A4E7-4E6A-A2A2-338D134FDC29}.Debug|x86.Build.0 = Debug|Win32
		{FC24DA2E-A4E7-4E6A-A2A2-338D134FDC29}.Release|x64.ActiveCfg = Release|x64
		{FC24DA2E-A4E7-4E6A-A2A2-338D134FDC29}.Release|x64.Build.0 = Release|x64
		{FC24DA2E-A4E7-4E6A-A2A2-338D134FDC29}.Release|x86.ActiveCfg = Release|Win32
		{FC24DA2E-A4E7-4E6A-A2A2-338D134FDC29}.Release|x86.Build.0 = Release|Win32
	EndGlobalSection
	GlobalSection(SolutionProperties) = preSolution
		HideSolutionNode = FALSE
	EndGlobalSection
	GlobalSection(ExtensibilityGlobals) = postSolution
		SolutionGuid = {4E207F47-67BC-4F0B-88E5-2A7DA8498030}
	EndGlobalSection
EndGlobal
